
Microsoft Visual Studio Solution File, Format Version 12.00
# Visual Studio Version 17
VisualStudioVersion = 17.9.34607.119
MinimumVisualStudioVersion = 10.0.40219.1
Project("{9A19103F-16F7-4668-BE54-9A1E7A4F7556}") = "DiGi.Core.Test", "Core\DiGi.Core.Test.csproj", "{9D50156E-EA2D-4D4F-A310-9809AAEBE4C4}"
	ProjectSection(ProjectDependencies) = postProject
		{2367F8B9-DAC8-4DE5-BB6C-15DF2C175B73} = {2367F8B9-DAC8-4DE5-BB6C-15DF2C175B73}
		{A9CDCAB4-9642-4418-A162-19CBE778135D} = {A9CDCAB4-9642-4418-A162-19CBE778135D}
	EndProjectSection
EndProject
Project("{9A19103F-16F7-4668-BE54-9A1E7A4F7556}") = "DiGi.Core", "..\DiGi.Core\DiGi.Core\DiGi.Core.csproj", "{3EBD4647-98B2-4FCE-9737-934663291BF2}"
EndProject
Project("{2150E333-8FDC-42A3-9474-1A3956D46DE8}") = "Core", "Core", "{41B8E9E4-4536-4A00-9BB8-C22424E35623}"
EndProject
Project("{2150E333-8FDC-42A3-9474-1A3956D46DE8}") = "Geometry", "Geometry", "{08BC41B1-F121-4AD8-81F0-831A8A9EBE5F}"
EndProject
Project("{9A19103F-16F7-4668-BE54-9A1E7A4F7556}") = "DiGi.Geometry", "..\DiGi.Geometry\DiGi.Geometry\DiGi.Geometry.csproj", "{11A89766-FCC7-4A97-B32A-F11073E57F08}"
	ProjectSection(ProjectDependencies) = postProject
		{2EA5944C-1B57-44E3-B059-5133986105B0} = {2EA5944C-1B57-44E3-B059-5133986105B0}
		{3EBD4647-98B2-4FCE-9737-934663291BF2} = {3EBD4647-98B2-4FCE-9737-934663291BF2}
	EndProjectSection
EndProject
Project("{9A19103F-16F7-4668-BE54-9A1E7A4F7556}") = "DiGi.Geometry.Test", "Geometry\DiGi.Geometry.Test.csproj", "{A989F188-52E8-42F4-AC88-5D68B644CB93}"
	ProjectSection(ProjectDependencies) = postProject
		{11A89766-FCC7-4A97-B32A-F11073E57F08} = {11A89766-FCC7-4A97-B32A-F11073E57F08}
		{3EBD4647-98B2-4FCE-9737-934663291BF2} = {3EBD4647-98B2-4FCE-9737-934663291BF2}
	EndProjectSection
EndProject
Project("{2150E333-8FDC-42A3-9474-1A3956D46DE8}") = "Math", "Math", "{B6B9B5BC-4C74-4D0F-8C53-90C6F3E0EBDE}"
EndProject
Project("{9A19103F-16F7-4668-BE54-9A1E7A4F7556}") = "DiGi.Math", "..\DiGi.Math\DiGi.Math\DiGi.Math.csproj", "{2EA5944C-1B57-44E3-B059-5133986105B0}"
	ProjectSection(ProjectDependencies) = postProject
		{3EBD4647-98B2-4FCE-9737-934663291BF2} = {3EBD4647-98B2-4FCE-9737-934663291BF2}
	EndProjectSection
EndProject
Project("{9A19103F-16F7-4668-BE54-9A1E7A4F7556}") = "DiGi.Geometry.Visual", "..\DiGi.Geometry.Visual\DiGi.Geometry.Visual\DiGi.Geometry.Visual.csproj", "{8EC90F0F-41D2-406E-B38C-AFF5C1429B02}"
	ProjectSection(ProjectDependencies) = postProject
		{11A89766-FCC7-4A97-B32A-F11073E57F08} = {11A89766-FCC7-4A97-B32A-F11073E57F08}
		{2EA5944C-1B57-44E3-B059-5133986105B0} = {2EA5944C-1B57-44E3-B059-5133986105B0}
		{3EBD4647-98B2-4FCE-9737-934663291BF2} = {3EBD4647-98B2-4FCE-9737-934663291BF2}
	EndProjectSection
EndProject
Project("{9A19103F-16F7-4668-BE54-9A1E7A4F7556}") = "DiGi.Geometry.Random", "..\DiGi.Geometry.Random\DiGi.Geometry.Random\DiGi.Geometry.Random.csproj", "{B4D39760-3FC9-4001-93A4-9AC6C68CB6AA}"
	ProjectSection(ProjectDependencies) = postProject
		{11A89766-FCC7-4A97-B32A-F11073E57F08} = {11A89766-FCC7-4A97-B32A-F11073E57F08}
		{2EA5944C-1B57-44E3-B059-5133986105B0} = {2EA5944C-1B57-44E3-B059-5133986105B0}
		{3EBD4647-98B2-4FCE-9737-934663291BF2} = {3EBD4647-98B2-4FCE-9737-934663291BF2}
	EndProjectSection
EndProject
Project("{2150E333-8FDC-42A3-9474-1A3956D46DE8}") = "Rhino", "Rhino", "{4770D9C4-5295-4E56-A531-88955886547B}"
EndProject
Project("{9A19103F-16F7-4668-BE54-9A1E7A4F7556}") = "DiGi.Rhino.Core", "..\DiGi.Rhino\DiGi.Rhino.Core\DiGi.Rhino.Core.csproj", "{4F28D220-1960-4D93-87FA-5B86703E1604}"
	ProjectSection(ProjectDependencies) = postProject
		{3EBD4647-98B2-4FCE-9737-934663291BF2} = {3EBD4647-98B2-4FCE-9737-934663291BF2}
	EndProjectSection
EndProject
Project("{9A19103F-16F7-4668-BE54-9A1E7A4F7556}") = "DiGi.Rhino.Geometry", "..\DiGi.Rhino\DiGi.Rhino.Geometry\DiGi.Rhino.Geometry.csproj", "{17E10800-8CDF-467B-804F-A0854739E973}"
	ProjectSection(ProjectDependencies) = postProject
		{11A89766-FCC7-4A97-B32A-F11073E57F08} = {11A89766-FCC7-4A97-B32A-F11073E57F08}
		{2EA5944C-1B57-44E3-B059-5133986105B0} = {2EA5944C-1B57-44E3-B059-5133986105B0}
		{3EBD4647-98B2-4FCE-9737-934663291BF2} = {3EBD4647-98B2-4FCE-9737-934663291BF2}
		{B4D39760-3FC9-4001-93A4-9AC6C68CB6AA} = {B4D39760-3FC9-4001-93A4-9AC6C68CB6AA}
	EndProjectSection
EndProject
Project("{9A19103F-16F7-4668-BE54-9A1E7A4F7556}") = "DiGi.Core.Parameter", "..\DiGi.Core\DiGi.Core.Parameter\DiGi.Core.Parameter.csproj", "{A9CDCAB4-9642-4418-A162-19CBE778135D}"
EndProject
Project("{9A19103F-16F7-4668-BE54-9A1E7A4F7556}") = "DiGi.Core.File", "..\DiGi.Core\DiGi.Core.File\DiGi.Core.File.csproj", "{2367F8B9-DAC8-4DE5-BB6C-15DF2C175B73}"
EndProject
Global
	GlobalSection(SolutionConfigurationPlatforms) = preSolution
		Debug|Any CPU = Debug|Any CPU
		Release|Any CPU = Release|Any CPU
	EndGlobalSection
	GlobalSection(ProjectConfigurationPlatforms) = postSolution
		{9D50156E-EA2D-4D4F-A310-9809AAEBE4C4}.Debug|Any CPU.ActiveCfg = Debug|Any CPU
		{9D50156E-EA2D-4D4F-A310-9809AAEBE4C4}.Debug|Any CPU.Build.0 = Debug|Any CPU
		{9D50156E-EA2D-4D4F-A310-9809AAEBE4C4}.Release|Any CPU.ActiveCfg = Release|Any CPU
		{9D50156E-EA2D-4D4F-A310-9809AAEBE4C4}.Release|Any CPU.Build.0 = Release|Any CPU
		{3EBD4647-98B2-4FCE-9737-934663291BF2}.Debug|Any CPU.ActiveCfg = Debug|Any CPU
		{3EBD4647-98B2-4FCE-9737-934663291BF2}.Debug|Any CPU.Build.0 = Debug|Any CPU
		{3EBD4647-98B2-4FCE-9737-934663291BF2}.Release|Any CPU.ActiveCfg = Release|Any CPU
		{3EBD4647-98B2-4FCE-9737-934663291BF2}.Release|Any CPU.Build.0 = Release|Any CPU
		{11A89766-FCC7-4A97-B32A-F11073E57F08}.Debug|Any CPU.ActiveCfg = Debug|Any CPU
		{11A89766-FCC7-4A97-B32A-F11073E57F08}.Debug|Any CPU.Build.0 = Debug|Any CPU
		{11A89766-FCC7-4A97-B32A-F11073E57F08}.Release|Any CPU.ActiveCfg = Release|Any CPU
		{11A89766-FCC7-4A97-B32A-F11073E57F08}.Release|Any CPU.Build.0 = Release|Any CPU
		{A989F188-52E8-42F4-AC88-5D68B644CB93}.Debug|Any CPU.ActiveCfg = Debug|Any CPU
		{A989F188-52E8-42F4-AC88-5D68B644CB93}.Debug|Any CPU.Build.0 = Debug|Any CPU
		{A989F188-52E8-42F4-AC88-5D68B644CB93}.Release|Any CPU.ActiveCfg = Release|Any CPU
		{A989F188-52E8-42F4-AC88-5D68B644CB93}.Release|Any CPU.Build.0 = Release|Any CPU
		{2EA5944C-1B57-44E3-B059-5133986105B0}.Debug|Any CPU.ActiveCfg = Debug|Any CPU
		{2EA5944C-1B57-44E3-B059-5133986105B0}.Debug|Any CPU.Build.0 = Debug|Any CPU
		{2EA5944C-1B57-44E3-B059-5133986105B0}.Release|Any CPU.ActiveCfg = Release|Any CPU
		{2EA5944C-1B57-44E3-B059-5133986105B0}.Release|Any CPU.Build.0 = Release|Any CPU
		{8EC90F0F-41D2-406E-B38C-AFF5C1429B02}.Debug|Any CPU.ActiveCfg = Debug|Any CPU
		{8EC90F0F-41D2-406E-B38C-AFF5C1429B02}.Debug|Any CPU.Build.0 = Debug|Any CPU
		{8EC90F0F-41D2-406E-B38C-AFF5C1429B02}.Release|Any CPU.ActiveCfg = Release|Any CPU
		{8EC90F0F-41D2-406E-B38C-AFF5C1429B02}.Release|Any CPU.Build.0 = Release|Any CPU
		{B4D39760-3FC9-4001-93A4-9AC6C68CB6AA}.Debug|Any CPU.ActiveCfg = Debug|Any CPU
		{B4D39760-3FC9-4001-93A4-9AC6C68CB6AA}.Debug|Any CPU.Build.0 = Debug|Any CPU
		{B4D39760-3FC9-4001-93A4-9AC6C68CB6AA}.Release|Any CPU.ActiveCfg = Release|Any CPU
		{B4D39760-3FC9-4001-93A4-9AC6C68CB6AA}.Release|Any CPU.Build.0 = Release|Any CPU
		{4F28D220-1960-4D93-87FA-5B86703E1604}.Debug|Any CPU.ActiveCfg = Debug|Any CPU
		{4F28D220-1960-4D93-87FA-5B86703E1604}.Debug|Any CPU.Build.0 = Debug|Any CPU
		{4F28D220-1960-4D93-87FA-5B86703E1604}.Release|Any CPU.ActiveCfg = Release|Any CPU
		{4F28D220-1960-4D93-87FA-5B86703E1604}.Release|Any CPU.Build.0 = Release|Any CPU
		{17E10800-8CDF-467B-804F-A0854739E973}.Debug|Any CPU.ActiveCfg = Debug|Any CPU
		{17E10800-8CDF-467B-804F-A0854739E973}.Debug|Any CPU.Build.0 = Debug|Any CPU
		{17E10800-8CDF-467B-804F-A0854739E973}.Release|Any CPU.ActiveCfg = Release|Any CPU
		{17E10800-8CDF-467B-804F-A0854739E973}.Release|Any CPU.Build.0 = Release|Any CPU
		{A9CDCAB4-9642-4418-A162-19CBE778135D}.Debug|Any CPU.ActiveCfg = Debug|Any CPU
		{A9CDCAB4-9642-4418-A162-19CBE778135D}.Debug|Any CPU.Build.0 = Debug|Any CPU
		{A9CDCAB4-9642-4418-A162-19CBE778135D}.Release|Any CPU.ActiveCfg = Release|Any CPU
		{A9CDCAB4-9642-4418-A162-19CBE778135D}.Release|Any CPU.Build.0 = Release|Any CPU
		{2367F8B9-DAC8-4DE5-BB6C-15DF2C175B73}.Debug|Any CPU.ActiveCfg = Debug|Any CPU
		{2367F8B9-DAC8-4DE5-BB6C-15DF2C175B73}.Debug|Any CPU.Build.0 = Debug|Any CPU
		{2367F8B9-DAC8-4DE5-BB6C-15DF2C175B73}.Release|Any CPU.ActiveCfg = Release|Any CPU
		{2367F8B9-DAC8-4DE5-BB6C-15DF2C175B73}.Release|Any CPU.Build.0 = Release|Any CPU
	EndGlobalSection
	GlobalSection(SolutionProperties) = preSolution
		HideSolutionNode = FALSE
	EndGlobalSection
	GlobalSection(NestedProjects) = preSolution
		{9D50156E-EA2D-4D4F-A310-9809AAEBE4C4} = {41B8E9E4-4536-4A00-9BB8-C22424E35623}
		{3EBD4647-98B2-4FCE-9737-934663291BF2} = {41B8E9E4-4536-4A00-9BB8-C22424E35623}
		{11A89766-FCC7-4A97-B32A-F11073E57F08} = {08BC41B1-F121-4AD8-81F0-831A8A9EBE5F}
		{A989F188-52E8-42F4-AC88-5D68B644CB93} = {08BC41B1-F121-4AD8-81F0-831A8A9EBE5F}
		{2EA5944C-1B57-44E3-B059-5133986105B0} = {B6B9B5BC-4C74-4D0F-8C53-90C6F3E0EBDE}
		{8EC90F0F-41D2-406E-B38C-AFF5C1429B02} = {08BC41B1-F121-4AD8-81F0-831A8A9EBE5F}
		{B4D39760-3FC9-4001-93A4-9AC6C68CB6AA} = {08BC41B1-F121-4AD8-81F0-831A8A9EBE5F}
		{4F28D220-1960-4D93-87FA-5B86703E1604} = {4770D9C4-5295-4E56-A531-88955886547B}
		{17E10800-8CDF-467B-804F-A0854739E973} = {4770D9C4-5295-4E56-A531-88955886547B}
		{A9CDCAB4-9642-4418-A162-19CBE778135D} = {41B8E9E4-4536-4A00-9BB8-C22424E35623}
		{2367F8B9-DAC8-4DE5-BB6C-15DF2C175B73} = {41B8E9E4-4536-4A00-9BB8-C22424E35623}
	EndGlobalSection
	GlobalSection(ExtensibilityGlobals) = postSolution
		SolutionGuid = {3CEE9D6A-E4F0-4945-98E9-811D58B6BA37}
	EndGlobalSection
EndGlobal
