
Microsoft Visual Studio Solution File, Format Version 12.00
# Visual Studio Version 17
VisualStudioVersion = 17.9.34607.119
MinimumVisualStudioVersion = 10.0.40219.1
Project("{9A19103F-16F7-4668-BE54-9A1E7A4F7556}") = "DiGi.Core.Test", "Core\DiGi.Core.Test.csproj", "{9D50156E-EA2D-4D4F-A310-9809AAEBE4C4}"
	ProjectSection(ProjectDependencies) = postProject
		{2367F8B9-DAC8-4DE5-BB6C-15DF2C175B73} = {2367F8B9-DAC8-4DE5-BB6C-15DF2C175B73}
		{A9CDCAB4-9642-4418-A162-19CBE778135D} = {A9CDCAB4-9642-4418-A162-19CBE778135D}
	EndProjectSection
EndProject
Project("{9A19103F-16F7-4668-BE54-9A1E7A4F7556}") = "DiGi.Core", "..\DiGi.Core\DiGi.Core\DiGi.Core.csproj", "{3EBD4647-98B2-4FCE-9737-934663291BF2}"
EndProject
Project("{2150E333-8FDC-42A3-9474-1A3956D46DE8}") = "Core", "Core", "{41B8E9E4-4536-4A00-9BB8-C22424E35623}"
EndProject
Project("{2150E333-8FDC-42A3-9474-1A3956D46DE8}") = "Geometry", "Geometry", "{08BC41B1-F121-4AD8-81F0-831A8A9EBE5F}"
EndProject
Project("{9A19103F-16F7-4668-BE54-9A1E7A4F7556}") = "DiGi.Geometry", "..\DiGi.Geometry\DiGi.Geometry\DiGi.Geometry.csproj", "{11A89766-FCC7-4A97-B32A-F11073E57F08}"
	ProjectSection(ProjectDependencies) = postProject
		{2EA5944C-1B57-44E3-B059-5133986105B0} = {2EA5944C-1B57-44E3-B059-5133986105B0}
		{3EBD4647-98B2-4FCE-9737-934663291BF2} = {3EBD4647-98B2-4FCE-9737-934663291BF2}
	EndProjectSection
EndProject
Project("{9A19103F-16F7-4668-BE54-9A1E7A4F7556}") = "DiGi.Geometry.Test", "Geometry\DiGi.Geometry.Test.csproj", "{A989F188-52E8-42F4-AC88-5D68B644CB93}"
	ProjectSection(ProjectDependencies) = postProject
		{11A89766-FCC7-4A97-B32A-F11073E57F08} = {11A89766-FCC7-4A97-B32A-F11073E57F08}
		{3EBD4647-98B2-4FCE-9737-934663291BF2} = {3EBD4647-98B2-4FCE-9737-934663291BF2}
	EndProjectSection
EndProject
Project("{2150E333-8FDC-42A3-9474-1A3956D46DE8}") = "Math", "Math", "{B6B9B5BC-4C74-4D0F-8C53-90C6F3E0EBDE}"
EndProject
Project("{9A19103F-16F7-4668-BE54-9A1E7A4F7556}") = "DiGi.Math", "..\DiGi.Math\DiGi.Math\DiGi.Math.csproj", "{2EA5944C-1B57-44E3-B059-5133986105B0}"
	ProjectSection(ProjectDependencies) = postProject
		{3EBD4647-98B2-4FCE-9737-934663291BF2} = {3EBD4647-98B2-4FCE-9737-934663291BF2}
	EndProjectSection
EndProject
Project("{9A19103F-16F7-4668-BE54-9A1E7A4F7556}") = "DiGi.Geometry.Visual", "..\DiGi.Geometry.Visual\DiGi.Geometry.Visual\DiGi.Geometry.Visual.csproj", "{8EC90F0F-41D2-406E-B38C-AFF5C1429B02}"
	ProjectSection(ProjectDependencies) = postProject
		{11A89766-FCC7-4A97-B32A-F11073E57F08} = {11A89766-FCC7-4A97-B32A-F11073E57F08}
		{2EA5944C-1B57-44E3-B059-5133986105B0} = {2EA5944C-1B57-44E3-B059-5133986105B0}
		{3EBD4647-98B2-4FCE-9737-934663291BF2} = {3EBD4647-98B2-4FCE-9737-934663291BF2}
		{A9DAC784-5AEB-4643-99C3-5CEAC4383CE9} = {A9DAC784-5AEB-4643-99C3-5CEAC4383CE9}
	EndProjectSection
EndProject
Project("{9A19103F-16F7-4668-BE54-9A1E7A4F7556}") = "DiGi.Geometry.Random", "..\DiGi.Geometry.Random\DiGi.Geometry.Random\DiGi.Geometry.Random.csproj", "{B4D39760-3FC9-4001-93A4-9AC6C68CB6AA}"
	ProjectSection(ProjectDependencies) = postProject
		{11A89766-FCC7-4A97-B32A-F11073E57F08} = {11A89766-FCC7-4A97-B32A-F11073E57F08}
		{2EA5944C-1B57-44E3-B059-5133986105B0} = {2EA5944C-1B57-44E3-B059-5133986105B0}
		{3EBD4647-98B2-4FCE-9737-934663291BF2} = {3EBD4647-98B2-4FCE-9737-934663291BF2}
	EndProjectSection
EndProject
Project("{2150E333-8FDC-42A3-9474-1A3956D46DE8}") = "Rhino", "Rhino", "{4770D9C4-5295-4E56-A531-88955886547B}"
EndProject
Project("{9A19103F-16F7-4668-BE54-9A1E7A4F7556}") = "DiGi.Rhino.Core", "..\DiGi.Rhino\DiGi.Rhino.Core\DiGi.Rhino.Core.csproj", "{4F28D220-1960-4D93-87FA-5B86703E1604}"
	ProjectSection(ProjectDependencies) = postProject
		{3EBD4647-98B2-4FCE-9737-934663291BF2} = {3EBD4647-98B2-4FCE-9737-934663291BF2}
	EndProjectSection
EndProject
Project("{9A19103F-16F7-4668-BE54-9A1E7A4F7556}") = "DiGi.Rhino.Geometry", "..\DiGi.Rhino\DiGi.Rhino.Geometry\DiGi.Rhino.Geometry.csproj", "{17E10800-8CDF-467B-804F-A0854739E973}"
	ProjectSection(ProjectDependencies) = postProject
		{11A89766-FCC7-4A97-B32A-F11073E57F08} = {11A89766-FCC7-4A97-B32A-F11073E57F08}
		{2EA5944C-1B57-44E3-B059-5133986105B0} = {2EA5944C-1B57-44E3-B059-5133986105B0}
		{3EBD4647-98B2-4FCE-9737-934663291BF2} = {3EBD4647-98B2-4FCE-9737-934663291BF2}
		{B4D39760-3FC9-4001-93A4-9AC6C68CB6AA} = {B4D39760-3FC9-4001-93A4-9AC6C68CB6AA}
	EndProjectSection
EndProject
Project("{9A19103F-16F7-4668-BE54-9A1E7A4F7556}") = "DiGi.Core.Parameter", "..\DiGi.Core\DiGi.Core.Parameter\DiGi.Core.Parameter.csproj", "{A9CDCAB4-9642-4418-A162-19CBE778135D}"
EndProject
Project("{9A19103F-16F7-4668-BE54-9A1E7A4F7556}") = "DiGi.Core.IO", "..\DiGi.Core\DiGi.Core.IO\DiGi.Core.IO.csproj", "{2367F8B9-DAC8-4DE5-BB6C-15DF2C175B73}"
EndProject
Project("{2150E333-8FDC-42A3-9474-1A3956D46DE8}") = "Analytical", "Analytical", "{C4ED909F-C12E-47F8-B8E8-356EE245946F}"
EndProject
Project("{9A19103F-16F7-4668-BE54-9A1E7A4F7556}") = "DiGi.Analytical", "..\DiGi.Analytical\DiGi.Analytical\DiGi.Analytical.csproj", "{12DF00F3-85D3-4C84-AED1-84873890FCCB}"
	ProjectSection(ProjectDependencies) = postProject
		{11A89766-FCC7-4A97-B32A-F11073E57F08} = {11A89766-FCC7-4A97-B32A-F11073E57F08}
		{3EBD4647-98B2-4FCE-9737-934663291BF2} = {3EBD4647-98B2-4FCE-9737-934663291BF2}
		{9B608751-B903-4488-92ED-0482C2D29C81} = {9B608751-B903-4488-92ED-0482C2D29C81}
		{A9CDCAB4-9642-4418-A162-19CBE778135D} = {A9CDCAB4-9642-4418-A162-19CBE778135D}
		{A9DAC784-5AEB-4643-99C3-5CEAC4383CE9} = {A9DAC784-5AEB-4643-99C3-5CEAC4383CE9}
	EndProjectSection
EndProject
Project("{9A19103F-16F7-4668-BE54-9A1E7A4F7556}") = "DiGi.Geometry.Object", "..\DiGi.Geometry\DiGi.Geometry.Object\DiGi.Geometry.Object.csproj", "{A9DAC784-5AEB-4643-99C3-5CEAC4383CE9}"
EndProject
Project("{9A19103F-16F7-4668-BE54-9A1E7A4F7556}") = "DiGi.Analytical.Building", "..\DiGi.Analytical\DiGi.Analytical.Building\DiGi.Analytical.Building.csproj", "{51E64185-422B-44BB-8F53-B12710C7AE18}"
	ProjectSection(ProjectDependencies) = postProject
		{3EBD4647-98B2-4FCE-9737-934663291BF2} = {3EBD4647-98B2-4FCE-9737-934663291BF2}
		{9B608751-B903-4488-92ED-0482C2D29C81} = {9B608751-B903-4488-92ED-0482C2D29C81}
		{A9CDCAB4-9642-4418-A162-19CBE778135D} = {A9CDCAB4-9642-4418-A162-19CBE778135D}
	EndProjectSection
EndProject
Project("{9A19103F-16F7-4668-BE54-9A1E7A4F7556}") = "DiGi.Core.Relation", "..\DiGi.Core\DiGi.Core.Relation\DiGi.Core.Relation.csproj", "{9B608751-B903-4488-92ED-0482C2D29C81}"
EndProject
Project("{2150E333-8FDC-42A3-9474-1A3956D46DE8}") = "SQLite", "SQLite", "{B5BE0A20-C9A3-42D7-AC8F-53A9EC26F7C4}"
EndProject
Project("{9A19103F-16F7-4668-BE54-9A1E7A4F7556}") = "DiGi.SQLite", "..\DiGi.SQLite\DiGi.SQLite\DiGi.SQLite.csproj", "{8D8445EA-1830-4E02-90AA-0190EFE43620}"
	ProjectSection(ProjectDependencies) = postProject
		{2367F8B9-DAC8-4DE5-BB6C-15DF2C175B73} = {2367F8B9-DAC8-4DE5-BB6C-15DF2C175B73}
		{3EBD4647-98B2-4FCE-9737-934663291BF2} = {3EBD4647-98B2-4FCE-9737-934663291BF2}
	EndProjectSection
EndProject
Project("{9A19103F-16F7-4668-BE54-9A1E7A4F7556}") = "DiGi.SQLite.Test", "SQLite\DiGi.SQLite.Test.csproj", "{D837A837-717D-4155-B641-86EE62642BA5}"
	ProjectSection(ProjectDependencies) = postProject
		{2367F8B9-DAC8-4DE5-BB6C-15DF2C175B73} = {2367F8B9-DAC8-4DE5-BB6C-15DF2C175B73}
	EndProjectSection
EndProject
Project("{FAE04EC0-301F-11D3-BF4B-00C04F79EFBC}") = "DiGi.Core.Drawing", "..\DiGi.Core\DiGi.Core.Drawing\DiGi.Core.Drawing.csproj", "{14E12C9C-4842-495F-8D63-F9F6F7548AB6}"
EndProject
Project("{FAE04EC0-301F-11D3-BF4B-00C04F79EFBC}") = "DiGi.Geometry.Drawing", "..\DiGi.Geometry\DiGi.Geometry.Drawing\DiGi.Geometry.Drawing.csproj", "{7290E94A-7873-43E6-B526-4C5E1CF01E5E}"
EndProject
Project("{FAE04EC0-301F-11D3-BF4B-00C04F79EFBC}") = "DiGi.Analytical.Building.HVAC", "..\DiGi.Analytical\DiGi.Analytical.Building.HVAC\DiGi.Analytical.Building.HVAC.csproj", "{054C9033-236E-27B7-D7DB-36B8FCEFB5C4}"
EndProject
Project("{FAE04EC0-301F-11D3-BF4B-00C04F79EFBC}") = "DiGi.Analytical.Test", "DiGi.Analytical.Test\DiGi.Analytical.Test.csproj", "{B8BE37AE-13F8-4E0B-9211-BAC82B0C87BD}"
EndProject
Global
	GlobalSection(SolutionConfigurationPlatforms) = preSolution
		Debug|Any CPU = Debug|Any CPU
		Release|Any CPU = Release|Any CPU
	EndGlobalSection
	GlobalSection(ProjectConfigurationPlatforms) = postSolution
		{9D50156E-EA2D-4D4F-A310-9809AAEBE4C4}.Debug|Any CPU.ActiveCfg = Debug|Any CPU
		{9D50156E-EA2D-4D4F-A310-9809AAEBE4C4}.Debug|Any CPU.Build.0 = Debug|Any CPU
		{9D50156E-EA2D-4D4F-A310-9809AAEBE4C4}.Release|Any CPU.ActiveCfg = Release|Any CPU
		{9D50156E-EA2D-4D4F-A310-9809AAEBE4C4}.Release|Any CPU.Build.0 = Release|Any CPU
		{3EBD4647-98B2-4FCE-9737-934663291BF2}.Debug|Any CPU.ActiveCfg = Debug|Any CPU
		{3EBD4647-98B2-4FCE-9737-934663291BF2}.Debug|Any CPU.Build.0 = Debug|Any CPU
		{3EBD4647-98B2-4FCE-9737-934663291BF2}.Release|Any CPU.ActiveCfg = Release|Any CPU
		{3EBD4647-98B2-4FCE-9737-934663291BF2}.Release|Any CPU.Build.0 = Release|Any CPU
		{11A89766-FCC7-4A97-B32A-F11073E57F08}.Debug|Any CPU.ActiveCfg = Debug|Any CPU
		{11A89766-FCC7-4A97-B32A-F11073E57F08}.Debug|Any CPU.Build.0 = Debug|Any CPU
		{11A89766-FCC7-4A97-B32A-F11073E57F08}.Release|Any CPU.ActiveCfg = Release|Any CPU
		{11A89766-FCC7-4A97-B32A-F11073E57F08}.Release|Any CPU.Build.0 = Release|Any CPU
		{A989F188-52E8-42F4-AC88-5D68B644CB93}.Debug|Any CPU.ActiveCfg = Debug|Any CPU
		{A989F188-52E8-42F4-AC88-5D68B644CB93}.Debug|Any CPU.Build.0 = Debug|Any CPU
		{A989F188-52E8-42F4-AC88-5D68B644CB93}.Release|Any CPU.ActiveCfg = Release|Any CPU
		{A989F188-52E8-42F4-AC88-5D68B644CB93}.Release|Any CPU.Build.0 = Release|Any CPU
		{2EA5944C-1B57-44E3-B059-5133986105B0}.Debug|Any CPU.ActiveCfg = Debug|Any CPU
		{2EA5944C-1B57-44E3-B059-5133986105B0}.Debug|Any CPU.Build.0 = Debug|Any CPU
		{2EA5944C-1B57-44E3-B059-5133986105B0}.Release|Any CPU.ActiveCfg = Release|Any CPU
		{2EA5944C-1B57-44E3-B059-5133986105B0}.Release|Any CPU.Build.0 = Release|Any CPU
		{8EC90F0F-41D2-406E-B38C-AFF5C1429B02}.Debug|Any CPU.ActiveCfg = Debug|Any CPU
		{8EC90F0F-41D2-406E-B38C-AFF5C1429B02}.Debug|Any CPU.Build.0 = Debug|Any CPU
		{8EC90F0F-41D2-406E-B38C-AFF5C1429B02}.Release|Any CPU.ActiveCfg = Release|Any CPU
		{8EC90F0F-41D2-406E-B38C-AFF5C1429B02}.Release|Any CPU.Build.0 = Release|Any CPU
		{B4D39760-3FC9-4001-93A4-9AC6C68CB6AA}.Debug|Any CPU.ActiveCfg = Debug|Any CPU
		{B4D39760-3FC9-4001-93A4-9AC6C68CB6AA}.Debug|Any CPU.Build.0 = Debug|Any CPU
		{B4D39760-3FC9-4001-93A4-9AC6C68CB6AA}.Release|Any CPU.ActiveCfg = Release|Any CPU
		{B4D39760-3FC9-4001-93A4-9AC6C68CB6AA}.Release|Any CPU.Build.0 = Release|Any CPU
		{4F28D220-1960-4D93-87FA-5B86703E1604}.Debug|Any CPU.ActiveCfg = Debug|Any CPU
		{4F28D220-1960-4D93-87FA-5B86703E1604}.Debug|Any CPU.Build.0 = Debug|Any CPU
		{4F28D220-1960-4D93-87FA-5B86703E1604}.Release|Any CPU.ActiveCfg = Release|Any CPU
		{4F28D220-1960-4D93-87FA-5B86703E1604}.Release|Any CPU.Build.0 = Release|Any CPU
		{17E10800-8CDF-467B-804F-A0854739E973}.Debug|Any CPU.ActiveCfg = Debug|Any CPU
		{17E10800-8CDF-467B-804F-A0854739E973}.Debug|Any CPU.Build.0 = Debug|Any CPU
		{17E10800-8CDF-467B-804F-A0854739E973}.Release|Any CPU.ActiveCfg = Release|Any CPU
		{17E10800-8CDF-467B-804F-A0854739E973}.Release|Any CPU.Build.0 = Release|Any CPU
		{A9CDCAB4-9642-4418-A162-19CBE778135D}.Debug|Any CPU.ActiveCfg = Debug|Any CPU
		{A9CDCAB4-9642-4418-A162-19CBE778135D}.Debug|Any CPU.Build.0 = Debug|Any CPU
		{A9CDCAB4-9642-4418-A162-19CBE778135D}.Release|Any CPU.ActiveCfg = Release|Any CPU
		{A9CDCAB4-9642-4418-A162-19CBE778135D}.Release|Any CPU.Build.0 = Release|Any CPU
		{2367F8B9-DAC8-4DE5-BB6C-15DF2C175B73}.Debug|Any CPU.ActiveCfg = Debug|Any CPU
		{2367F8B9-DAC8-4DE5-BB6C-15DF2C175B73}.Debug|Any CPU.Build.0 = Debug|Any CPU
		{2367F8B9-DAC8-4DE5-BB6C-15DF2C175B73}.Release|Any CPU.ActiveCfg = Release|Any CPU
		{2367F8B9-DAC8-4DE5-BB6C-15DF2C175B73}.Release|Any CPU.Build.0 = Release|Any CPU
		{12DF00F3-85D3-4C84-AED1-84873890FCCB}.Debug|Any CPU.ActiveCfg = Debug|Any CPU
		{12DF00F3-85D3-4C84-AED1-84873890FCCB}.Debug|Any CPU.Build.0 = Debug|Any CPU
		{12DF00F3-85D3-4C84-AED1-84873890FCCB}.Release|Any CPU.ActiveCfg = Release|Any CPU
		{12DF00F3-85D3-4C84-AED1-84873890FCCB}.Release|Any CPU.Build.0 = Release|Any CPU
		{A9DAC784-5AEB-4643-99C3-5CEAC4383CE9}.Debug|Any CPU.ActiveCfg = Debug|Any CPU
		{A9DAC784-5AEB-4643-99C3-5CEAC4383CE9}.Debug|Any CPU.Build.0 = Debug|Any CPU
		{A9DAC784-5AEB-4643-99C3-5CEAC4383CE9}.Release|Any CPU.ActiveCfg = Release|Any CPU
		{A9DAC784-5AEB-4643-99C3-5CEAC4383CE9}.Release|Any CPU.Build.0 = Release|Any CPU
		{51E64185-422B-44BB-8F53-B12710C7AE18}.Debug|Any CPU.ActiveCfg = Debug|Any CPU
		{51E64185-422B-44BB-8F53-B12710C7AE18}.Debug|Any CPU.Build.0 = Debug|Any CPU
		{51E64185-422B-44BB-8F53-B12710C7AE18}.Release|Any CPU.ActiveCfg = Release|Any CPU
		{51E64185-422B-44BB-8F53-B12710C7AE18}.Release|Any CPU.Build.0 = Release|Any CPU
		{9B608751-B903-4488-92ED-0482C2D29C81}.Debug|Any CPU.ActiveCfg = Debug|Any CPU
		{9B608751-B903-4488-92ED-0482C2D29C81}.Debug|Any CPU.Build.0 = Debug|Any CPU
		{9B608751-B903-4488-92ED-0482C2D29C81}.Release|Any CPU.ActiveCfg = Release|Any CPU
		{9B608751-B903-4488-92ED-0482C2D29C81}.Release|Any CPU.Build.0 = Release|Any CPU
		{8D8445EA-1830-4E02-90AA-0190EFE43620}.Debug|Any CPU.ActiveCfg = Debug|Any CPU
		{8D8445EA-1830-4E02-90AA-0190EFE43620}.Debug|Any CPU.Build.0 = Debug|Any CPU
		{8D8445EA-1830-4E02-90AA-0190EFE43620}.Release|Any CPU.ActiveCfg = Release|Any CPU
		{8D8445EA-1830-4E02-90AA-0190EFE43620}.Release|Any CPU.Build.0 = Release|Any CPU
		{D837A837-717D-4155-B641-86EE62642BA5}.Debug|Any CPU.ActiveCfg = Debug|Any CPU
		{D837A837-717D-4155-B641-86EE62642BA5}.Debug|Any CPU.Build.0 = Debug|Any CPU
		{D837A837-717D-4155-B641-86EE62642BA5}.Release|Any CPU.ActiveCfg = Release|Any CPU
		{D837A837-717D-4155-B641-86EE62642BA5}.Release|Any CPU.Build.0 = Release|Any CPU
		{14E12C9C-4842-495F-8D63-F9F6F7548AB6}.Debug|Any CPU.ActiveCfg = Debug|Any CPU
		{14E12C9C-4842-495F-8D63-F9F6F7548AB6}.Debug|Any CPU.Build.0 = Debug|Any CPU
		{14E12C9C-4842-495F-8D63-F9F6F7548AB6}.Release|Any CPU.ActiveCfg = Release|Any CPU
		{14E12C9C-4842-495F-8D63-F9F6F7548AB6}.Release|Any CPU.Build.0 = Release|Any CPU
		{7290E94A-7873-43E6-B526-4C5E1CF01E5E}.Debug|Any CPU.ActiveCfg = Debug|Any CPU
		{7290E94A-7873-43E6-B526-4C5E1CF01E5E}.Debug|Any CPU.Build.0 = Debug|Any CPU
		{7290E94A-7873-43E6-B526-4C5E1CF01E5E}.Release|Any CPU.ActiveCfg = Release|Any CPU
		{7290E94A-7873-43E6-B526-4C5E1CF01E5E}.Release|Any CPU.Build.0 = Release|Any CPU
		{054C9033-236E-27B7-D7DB-36B8FCEFB5C4}.Debug|Any CPU.ActiveCfg = Debug|Any CPU
		{054C9033-236E-27B7-D7DB-36B8FCEFB5C4}.Debug|Any CPU.Build.0 = Debug|Any CPU
		{054C9033-236E-27B7-D7DB-36B8FCEFB5C4}.Release|Any CPU.ActiveCfg = Release|Any CPU
		{054C9033-236E-27B7-D7DB-36B8FCEFB5C4}.Release|Any CPU.Build.0 = Release|Any CPU
		{B8BE37AE-13F8-4E0B-9211-BAC82B0C87BD}.Debug|Any CPU.ActiveCfg = Debug|Any CPU
		{B8BE37AE-13F8-4E0B-9211-BAC82B0C87BD}.Debug|Any CPU.Build.0 = Debug|Any CPU
		{B8BE37AE-13F8-4E0B-9211-BAC82B0C87BD}.Release|Any CPU.ActiveCfg = Release|Any CPU
		{B8BE37AE-13F8-4E0B-9211-BAC82B0C87BD}.Release|Any CPU.Build.0 = Release|Any CPU
	EndGlobalSection
	GlobalSection(SolutionProperties) = preSolution
		HideSolutionNode = FALSE
	EndGlobalSection
	GlobalSection(NestedProjects) = preSolution
		{9D50156E-EA2D-4D4F-A310-9809AAEBE4C4} = {41B8E9E4-4536-4A00-9BB8-C22424E35623}
		{3EBD4647-98B2-4FCE-9737-934663291BF2} = {41B8E9E4-4536-4A00-9BB8-C22424E35623}
		{11A89766-FCC7-4A97-B32A-F11073E57F08} = {08BC41B1-F121-4AD8-81F0-831A8A9EBE5F}
		{A989F188-52E8-42F4-AC88-5D68B644CB93} = {08BC41B1-F121-4AD8-81F0-831A8A9EBE5F}
		{2EA5944C-1B57-44E3-B059-5133986105B0} = {B6B9B5BC-4C74-4D0F-8C53-90C6F3E0EBDE}
		{8EC90F0F-41D2-406E-B38C-AFF5C1429B02} = {08BC41B1-F121-4AD8-81F0-831A8A9EBE5F}
		{B4D39760-3FC9-4001-93A4-9AC6C68CB6AA} = {08BC41B1-F121-4AD8-81F0-831A8A9EBE5F}
		{4F28D220-1960-4D93-87FA-5B86703E1604} = {4770D9C4-5295-4E56-A531-88955886547B}
		{17E10800-8CDF-467B-804F-A0854739E973} = {4770D9C4-5295-4E56-A531-88955886547B}
		{A9CDCAB4-9642-4418-A162-19CBE778135D} = {41B8E9E4-4536-4A00-9BB8-C22424E35623}
		{2367F8B9-DAC8-4DE5-BB6C-15DF2C175B73} = {41B8E9E4-4536-4A00-9BB8-C22424E35623}
		{12DF00F3-85D3-4C84-AED1-84873890FCCB} = {C4ED909F-C12E-47F8-B8E8-356EE245946F}
		{A9DAC784-5AEB-4643-99C3-5CEAC4383CE9} = {08BC41B1-F121-4AD8-81F0-831A8A9EBE5F}
		{51E64185-422B-44BB-8F53-B12710C7AE18} = {C4ED909F-C12E-47F8-B8E8-356EE245946F}
		{9B608751-B903-4488-92ED-0482C2D29C81} = {41B8E9E4-4536-4A00-9BB8-C22424E35623}
		{8D8445EA-1830-4E02-90AA-0190EFE43620} = {B5BE0A20-C9A3-42D7-AC8F-53A9EC26F7C4}
		{D837A837-717D-4155-B641-86EE62642BA5} = {B5BE0A20-C9A3-42D7-AC8F-53A9EC26F7C4}
		{14E12C9C-4842-495F-8D63-F9F6F7548AB6} = {41B8E9E4-4536-4A00-9BB8-C22424E35623}
		{7290E94A-7873-43E6-B526-4C5E1CF01E5E} = {08BC41B1-F121-4AD8-81F0-831A8A9EBE5F}
		{054C9033-236E-27B7-D7DB-36B8FCEFB5C4} = {C4ED909F-C12E-47F8-B8E8-356EE245946F}
		{B8BE37AE-13F8-4E0B-9211-BAC82B0C87BD} = {C4ED909F-C12E-47F8-B8E8-356EE245946F}
	EndGlobalSection
	GlobalSection(ExtensibilityGlobals) = postSolution
		SolutionGuid = {3CEE9D6A-E4F0-4945-98E9-811D58B6BA37}
	EndGlobalSection
EndGlobal
